
Microsoft Visual Studio Solution File, Format Version 12.00
# Visual Studio Express 2013 for Windows Desktop
VisualStudioVersion = 12.0.21005.1
MinimumVisualStudioVersion = 10.0.40219.1
Project("{FAE04EC0-301F-11D3-BF4B-00C04F79EFBC}") = "MCMapSlices", "MCMapSlices.csproj", "{71AB66A7-CE38-43AF-90B1-B0C1D4AE037E}"
EndProject
Project("{FAE04EC0-301F-11D3-BF4B-00C04F79EFBC}") = "Substrate (NET4)", "Externals\SubstrateCS\Substrate (NET4).csproj", "{7264A1C4-AB4A-4437-B252-7379B98B5509}"
EndProject
Global
	GlobalSection(SolutionConfigurationPlatforms) = preSolution
		Debug|AnyCPU = Debug|AnyCPU
		Release|AnyCPU = Release|AnyCPU
	EndGlobalSection
	GlobalSection(ProjectConfigurationPlatforms) = postSolution
		{71AB66A7-CE38-43AF-90B1-B0C1D4AE037E}.Debug|AnyCPU.ActiveCfg = Debug|Any CPU
		{71AB66A7-CE38-43AF-90B1-B0C1D4AE037E}.Debug|AnyCPU.Build.0 = Debug|Any CPU
		{71AB66A7-CE38-43AF-90B1-B0C1D4AE037E}.Release|AnyCPU.ActiveCfg = Release|Any CPU
		{71AB66A7-CE38-43AF-90B1-B0C1D4AE037E}.Release|AnyCPU.Build.0 = Release|Any CPU
		{7264A1C4-AB4A-4437-B252-7379B98B5509}.Debug|AnyCPU.ActiveCfg = Debug|Any CPU
		{7264A1C4-AB4A-4437-B252-7379B98B5509}.Debug|AnyCPU.Build.0 = Debug|Any CPU
		{7264A1C4-AB4A-4437-B252-7379B98B5509}.Release|AnyCPU.ActiveCfg = Release|Any CPU
		{7264A1C4-AB4A-4437-B252-7379B98B5509}.Release|AnyCPU.Build.0 = Release|Any CPU
	EndGlobalSection
	GlobalSection(SolutionProperties) = preSolution
		HideSolutionNode = FALSE
	EndGlobalSection
	GlobalSection(MonoDevelopProperties) = preSolution
		StartupItem = MCMapSlices.csproj
	EndGlobalSection
EndGlobal
